
Microsoft Visual Studio Solution File, Format Version 12.00
# Visual Studio 15
VisualStudioVersion = 15.0.26730.15
MinimumVisualStudioVersion = 10.0.40219.1
Project("{FAE04EC0-301F-11D3-BF4B-00C04F79EFBC}") = "CD05_Zarl", "CD05_Zarl\CD05_Zarl.csproj", "{EDC1B4C3-44D0-4A86-86DF-3E0FA5855785}"
EndProject
Global
	GlobalSection(SolutionConfigurationPlatforms) = preSolution
		Debug|Any CPU = Debug|Any CPU
		Release|Any CPU = Release|Any CPU
	EndGlobalSection
	GlobalSection(ProjectConfigurationPlatforms) = postSolution
		{EDC1B4C3-44D0-4A86-86DF-3E0FA5855785}.Debug|Any CPU.ActiveCfg = Debug|Any CPU
		{EDC1B4C3-44D0-4A86-86DF-3E0FA5855785}.Debug|Any CPU.Build.0 = Debug|Any CPU
		{EDC1B4C3-44D0-4A86-86DF-3E0FA5855785}.Release|Any CPU.ActiveCfg = Release|Any CPU
		{EDC1B4C3-44D0-4A86-86DF-3E0FA5855785}.Release|Any CPU.Build.0 = Release|Any CPU
	EndGlobalSection
	GlobalSection(SolutionProperties) = preSolution
		HideSolutionNode = FALSE
	EndGlobalSection
	GlobalSection(ExtensibilityGlobals) = postSolution
		SolutionGuid = {8E8C7AFE-EA4B-413C-A485-FA8C6F74A2FD}
	EndGlobalSection
EndGlobal
